
Microsoft Visual Studio Solution File, Format Version 12.00
# Visual Studio Version 16
VisualStudioVersion = 16.0.29025.244
MinimumVisualStudioVersion = 10.0.40219.1
Project("{FAE04EC0-301F-11D3-BF4B-00C04F79EFBC}") = "SimpleApp", "SimpleApp\SimpleApp.csproj", "{8AB56B3E-6A15-4BB0-9A64-F28EA09C62D9}"
EndProject
Global
	GlobalSection(SolutionConfigurationPlatforms) = preSolution
		Debug|Any CPU = Debug|Any CPU
		Release|Any CPU = Release|Any CPU
	EndGlobalSection
	GlobalSection(ProjectConfigurationPlatforms) = postSolution
		{8AB56B3E-6A15-4BB0-9A64-F28EA09C62D9}.Debug|Any CPU.ActiveCfg = Debug|Any CPU
		{8AB56B3E-6A15-4BB0-9A64-F28EA09C62D9}.Debug|Any CPU.Build.0 = Debug|Any CPU
		{8AB56B3E-6A15-4BB0-9A64-F28EA09C62D9}.Release|Any CPU.ActiveCfg = Release|Any CPU
		{8AB56B3E-6A15-4BB0-9A64-F28EA09C62D9}.Release|Any CPU.Build.0 = Release|Any CPU
	EndGlobalSection
	GlobalSection(SolutionProperties) = preSolution
		HideSolutionNode = FALSE
	EndGlobalSection
	GlobalSection(ExtensibilityGlobals) = postSolution
		SolutionGuid = {A4463D97-AE0A-4CAC-9F67-E4290B43D204}
	EndGlobalSection
EndGlobal
